
Microsoft Visual Studio Solution File, Format Version 12.00
# Visual Studio Version 17
VisualStudioVersion = 17.8.34525.116
MinimumVisualStudioVersion = 10.0.40219.1
Project("{FAE04EC0-301F-11D3-BF4B-00C04F79EFBC}") = "SkipTracer", "SkipTracer\SkipTracer.csproj", "{8A0AA41C-8200-4F33-8584-F73CBC326072}"
EndProject
Project("{FAE04EC0-301F-11D3-BF4B-00C04F79EFBC}") = "UnitTests", "UnitTests\UnitTests.csproj", "{525DD068-DA64-4E27-9346-E352B755AC2E}"
EndProject
Global
	GlobalSection(SolutionConfigurationPlatforms) = preSolution
		Debug|Any CPU = Debug|Any CPU
		Release|Any CPU = Release|Any CPU
	EndGlobalSection
	GlobalSection(ProjectConfigurationPlatforms) = postSolution
		{8A0AA41C-8200-4F33-8584-F73CBC326072}.Debug|Any CPU.ActiveCfg = Debug|Any CPU
		{8A0AA41C-8200-4F33-8584-F73CBC326072}.Debug|Any CPU.Build.0 = Debug|Any CPU
		{8A0AA41C-8200-4F33-8584-F73CBC326072}.Release|Any CPU.ActiveCfg = Release|Any CPU
		{8A0AA41C-8200-4F33-8584-F73CBC326072}.Release|Any CPU.Build.0 = Release|Any CPU
		{525DD068-DA64-4E27-9346-E352B755AC2E}.Debug|Any CPU.ActiveCfg = Debug|Any CPU
		{525DD068-DA64-4E27-9346-E352B755AC2E}.Debug|Any CPU.Build.0 = Debug|Any CPU
		{525DD068-DA64-4E27-9346-E352B755AC2E}.Release|Any CPU.ActiveCfg = Release|Any CPU
		{525DD068-DA64-4E27-9346-E352B755AC2E}.Release|Any CPU.Build.0 = Release|Any CPU
	EndGlobalSection
	GlobalSection(SolutionProperties) = preSolution
		HideSolutionNode = FALSE
	EndGlobalSection
	GlobalSection(ExtensibilityGlobals) = postSolution
		SolutionGuid = {F35572EC-0A4F-4829-AF69-F95AAB0BF372}
	EndGlobalSection
EndGlobal
